
Microsoft Visual Studio Solution File, Format Version 12.00
# Visual Studio Version 17
VisualStudioVersion = 17.7.34202.233
MinimumVisualStudioVersion = 10.0.40219.1
Project("{FAE04EC0-301F-11D3-BF4B-00C04F79EFBC}") = "SistemaDeTarefas", "SistemaDeTarefas\SistemaDeTarefas.csproj", "{9B521508-67D7-4570-821E-38B3D4FFF63A}"
EndProject
Global
	GlobalSection(SolutionConfigurationPlatforms) = preSolution
		Debug|Any CPU = Debug|Any CPU
		Release|Any CPU = Release|Any CPU
	EndGlobalSection
	GlobalSection(ProjectConfigurationPlatforms) = postSolution
		{9B521508-67D7-4570-821E-38B3D4FFF63A}.Debug|Any CPU.ActiveCfg = Debug|Any CPU
		{9B521508-67D7-4570-821E-38B3D4FFF63A}.Debug|Any CPU.Build.0 = Debug|Any CPU
		{9B521508-67D7-4570-821E-38B3D4FFF63A}.Release|Any CPU.ActiveCfg = Release|Any CPU
		{9B521508-67D7-4570-821E-38B3D4FFF63A}.Release|Any CPU.Build.0 = Release|Any CPU
	EndGlobalSection
	GlobalSection(SolutionProperties) = preSolution
		HideSolutionNode = FALSE
	EndGlobalSection
	GlobalSection(ExtensibilityGlobals) = postSolution
		SolutionGuid = {606D381D-0AA3-4AB5-9032-EEB51FEA0252}
	EndGlobalSection
EndGlobal
